<?xml version="1.0" encoding="utf-8"?>
<Project ToolsVersion="17.0" xmlns="http://schemas.microsoft.com/developer/msbuild/2003">
  <ItemGroup>
    <ClCompile Include="K:\Coding\FreeSynd\source\game\app.cpp">
      <Filter>Source Files</Filter>
    </ClCompile>
    <ClCompile Include="K:\Coding\FreeSynd\source\game\core\gamesession.cpp">
      <Filter>Core</Filter>
    </ClCompile>
    <ClCompile Include="K:\Coding\FreeSynd\source\game\core\gamecontroller.cpp">
      <Filter>Core</Filter>
    </ClCompile>
    <ClCompile Include="K:\Coding\FreeSynd\source\game\freesynd.cpp">
      <Filter>Source Files</Filter>
    </ClCompile>
    <ClCompile Include="K:\Coding\FreeSynd\source\game\menus\agentselectorrenderer.cpp">
      <Filter>Menus</Filter>
    </ClCompile>
    <ClCompile Include="K:\Coding\FreeSynd\source\game\menus\maprenderer.cpp">
      <Filter>Menus</Filter>
    </ClCompile>
    <ClCompile Include="K:\Coding\FreeSynd\source\game\menus\minimaprenderer.cpp">
      <Filter>Menus</Filter>
    </ClCompile>
    <ClCompile Include="K:\Coding\FreeSynd\source\game\menus\briefmenu.cpp">
      <Filter>Menus</Filter>
    </ClCompile>
    <ClCompile Include="K:\Coding\FreeSynd\source\game\menus\confmenu.cpp">
      <Filter>Menus</Filter>
    </ClCompile>
    <ClCompile Include="K:\Coding\FreeSynd\source\game\menus\debriefmenu.cpp">
      <Filter>Menus</Filter>
    </ClCompile>
    <ClCompile Include="K:\Coding\FreeSynd\source\game\menus\gameplaymenu.cpp">
      <Filter>Menus</Filter>
    </ClCompile>
    <ClCompile Include="K:\Coding\FreeSynd\source\game\menus\loadingmenu.cpp">
      <Filter>Menus</Filter>
    </ClCompile>
    <ClCompile Include="K:\Coding\FreeSynd\source\game\menus\loadsavemenu.cpp">
      <Filter>Menus</Filter>
    </ClCompile>
    <ClCompile Include="K:\Coding\FreeSynd\source\game\menus\mainmenu.cpp">
      <Filter>Menus</Filter>
    </ClCompile>
    <ClCompile Include="K:\Coding\FreeSynd\source\game\menus\mapmenu.cpp">
      <Filter>Menus</Filter>
    </ClCompile>
    <ClCompile Include="K:\Coding\FreeSynd\source\game\menus\gamemenufactory.cpp">
      <Filter>Menus</Filter>
    </ClCompile>
    <ClCompile Include="K:\Coding\FreeSynd\source\game\menus\researchmenu.cpp">
      <Filter>Menus</Filter>
    </ClCompile>
    <ClCompile Include="K:\Coding\FreeSynd\source\game\menus\selectmenu.cpp">
      <Filter>Menus</Filter>
    </ClCompile>
    <ClCompile Include="K:\Coding\FreeSynd\source\game\menus\squadselection.cpp">
      <Filter>Menus</Filter>
    </ClCompile>
  </ItemGroup>
  <ItemGroup>
    <ClInclude Include="K:\Coding\FreeSynd\source\game\version.h">
      <Filter>Header Files</Filter>
    </ClInclude>
    <ClInclude Include="K:\Coding\FreeSynd\source\game\app.h">
      <Filter>Header Files</Filter>
    </ClInclude>
    <ClInclude Include="K:\Coding\FreeSynd\source\game\core\gamesession.h">
      <Filter>Core</Filter>
    </ClInclude>
    <ClInclude Include="K:\Coding\FreeSynd\source\game\core\gamecontroller.h">
      <Filter>Core</Filter>
    </ClInclude>
    <ClInclude Include="K:\Coding\FreeSynd\source\game\menus\agentselectorrenderer.h">
      <Filter>Menus</Filter>
    </ClInclude>
    <ClInclude Include="K:\Coding\FreeSynd\source\game\menus\maprenderer.h">
      <Filter>Menus</Filter>
    </ClInclude>
    <ClInclude Include="K:\Coding\FreeSynd\source\game\menus\minimaprenderer.h">
      <Filter>Menus</Filter>
    </ClInclude>
    <ClInclude Include="K:\Coding\FreeSynd\source\game\menus\briefmenu.h">
      <Filter>Menus</Filter>
    </ClInclude>
    <ClInclude Include="K:\Coding\FreeSynd\source\game\menus\confmenu.h">
      <Filter>Menus</Filter>
    </ClInclude>
    <ClInclude Include="K:\Coding\FreeSynd\source\game\menus\debriefmenu.h">
      <Filter>Menus</Filter>
    </ClInclude>
    <ClInclude Include="K:\Coding\FreeSynd\source\game\menus\gameplaymenu.h">
      <Filter>Menus</Filter>
    </ClInclude>
    <ClInclude Include="K:\Coding\FreeSynd\source\game\menus\loadingmenu.h">
      <Filter>Menus</Filter>
    </ClInclude>
    <ClInclude Include="K:\Coding\FreeSynd\source\game\menus\loadsavemenu.h">
      <Filter>Menus</Filter>
    </ClInclude>
    <ClInclude Include="K:\Coding\FreeSynd\source\game\menus\mainmenu.h">
      <Filter>Menus</Filter>
    </ClInclude>
    <ClInclude Include="K:\Coding\FreeSynd\source\game\menus\mapmenu.h">
      <Filter>Menus</Filter>
    </ClInclude>
    <ClInclude Include="K:\Coding\FreeSynd\source\game\menus\gamemenufactory.h">
      <Filter>Menus</Filter>
    </ClInclude>
    <ClInclude Include="K:\Coding\FreeSynd\source\game\menus\gamemenuid.h">
      <Filter>Menus</Filter>
    </ClInclude>
    <ClInclude Include="K:\Coding\FreeSynd\source\game\menus\researchmenu.h">
      <Filter>Menus</Filter>
    </ClInclude>
    <ClInclude Include="K:\Coding\FreeSynd\source\game\menus\selectmenu.h">
      <Filter>Menus</Filter>
    </ClInclude>
    <ClInclude Include="K:\Coding\FreeSynd\source\game\menus\squadselection.h">
      <Filter>Menus</Filter>
    </ClInclude>
  </ItemGroup>
  <ItemGroup>
    <CustomBuild Include="K:\Coding\FreeSynd\source\game\CMakeLists.txt" />
  </ItemGroup>
  <ItemGroup>
    <Filter Include="Core">
      <UniqueIdentifier>{D99E2B02-FF4A-3EA9-B9A2-C386B193F61F}</UniqueIdentifier>
    </Filter>
    <Filter Include="Header Files">
      <UniqueIdentifier>{63D132B3-0917-3C8B-9E6B-A8B8F513A6A9}</UniqueIdentifier>
    </Filter>
    <Filter Include="Menus">
      <UniqueIdentifier>{504DA465-A92C-33B5-B45D-2FAD4280B7AE}</UniqueIdentifier>
    </Filter>
    <Filter Include="Source Files">
      <UniqueIdentifier>{EB46514E-2F7B-3C18-AF9F-94D9F7B9D6F9}</UniqueIdentifier>
    </Filter>
  </ItemGroup>
</Project>
