<?xml version="1.0" encoding="utf-8"?>
<Project ToolsVersion="17.0" xmlns="http://schemas.microsoft.com/developer/msbuild/2003">
  <ItemGroup>
    <CustomBuild Include="K:\Coding\FreeSynd\platform\windows\CMakeFiles\42e11b01245fb2da158a28282ff1942a\INSTALL_force.rule">
      <Filter>CMake Rules</Filter>
    </CustomBuild>
  </ItemGroup>
  <ItemGroup>
    <Filter Include="CMake Rules">
      <UniqueIdentifier>{5A2592B4-0F48-3992-A304-783EE730CB01}</UniqueIdentifier>
    </Filter>
  </ItemGroup>
</Project>
