<?xml version="1.0" encoding="utf-8"?>
<Project ToolsVersion="17.0" xmlns="http://schemas.microsoft.com/developer/msbuild/2003">
  <ItemGroup>
    <ClCompile Include="K:\Coding\FreeSynd\source\kernel\src\model\agent.cpp">
      <Filter>Source Files</Filter>
    </ClCompile>
    <ClCompile Include="K:\Coding\FreeSynd\source\kernel\src\model\ipastim.cpp">
      <Filter>Source Files</Filter>
    </ClCompile>
    <ClCompile Include="K:\Coding\FreeSynd\source\kernel\src\model\mod.cpp">
      <Filter>Source Files</Filter>
    </ClCompile>
    <ClCompile Include="K:\Coding\FreeSynd\source\kernel\src\model\map.cpp">
      <Filter>Source Files</Filter>
    </ClCompile>
    <ClCompile Include="K:\Coding\FreeSynd\source\kernel\src\model\mapobject.cpp">
      <Filter>Source Files</Filter>
    </ClCompile>
    <ClCompile Include="K:\Coding\FreeSynd\source\kernel\src\model\missionbriefing.cpp">
      <Filter>Source Files</Filter>
    </ClCompile>
    <ClCompile Include="K:\Coding\FreeSynd\source\kernel\src\model\mission.cpp">
      <Filter>Source Files</Filter>
    </ClCompile>
    <ClCompile Include="K:\Coding\FreeSynd\source\kernel\src\model\objectivedesc.cpp">
      <Filter>Source Files</Filter>
    </ClCompile>
    <ClCompile Include="K:\Coding\FreeSynd\source\kernel\src\model\ped.cpp">
      <Filter>Source Files</Filter>
    </ClCompile>
    <ClCompile Include="K:\Coding\FreeSynd\source\kernel\src\model\pedactions.cpp">
      <Filter>Source Files</Filter>
    </ClCompile>
    <ClCompile Include="K:\Coding\FreeSynd\source\kernel\src\model\pedpathfinding.cpp">
      <Filter>Source Files</Filter>
    </ClCompile>
    <ClCompile Include="K:\Coding\FreeSynd\source\kernel\src\model\research.cpp">
      <Filter>Source Files</Filter>
    </ClCompile>
    <ClCompile Include="K:\Coding\FreeSynd\source\kernel\src\model\static.cpp">
      <Filter>Source Files</Filter>
    </ClCompile>
    <ClCompile Include="K:\Coding\FreeSynd\source\kernel\src\model\sfxobject.cpp">
      <Filter>Source Files</Filter>
    </ClCompile>
    <ClCompile Include="K:\Coding\FreeSynd\source\kernel\src\model\shot.cpp">
      <Filter>Source Files</Filter>
    </ClCompile>
    <ClCompile Include="K:\Coding\FreeSynd\source\kernel\src\model\squad.cpp">
      <Filter>Source Files</Filter>
    </ClCompile>
    <ClCompile Include="K:\Coding\FreeSynd\source\kernel\src\model\time.cpp">
      <Filter>Source Files</Filter>
    </ClCompile>
    <ClCompile Include="K:\Coding\FreeSynd\source\kernel\src\model\train.cpp">
      <Filter>Source Files</Filter>
    </ClCompile>
    <ClCompile Include="K:\Coding\FreeSynd\source\kernel\src\model\vehicle.cpp">
      <Filter>Source Files</Filter>
    </ClCompile>
    <ClCompile Include="K:\Coding\FreeSynd\source\kernel\src\model\weapon.cpp">
      <Filter>Source Files</Filter>
    </ClCompile>
    <ClCompile Include="K:\Coding\FreeSynd\source\kernel\src\model\weaponholder.cpp">
      <Filter>Source Files</Filter>
    </ClCompile>
    <ClCompile Include="K:\Coding\FreeSynd\source\kernel\src\ia\actions.cpp">
      <Filter>Source Files</Filter>
    </ClCompile>
    <ClCompile Include="K:\Coding\FreeSynd\source\kernel\src\ia\behaviour.cpp">
      <Filter>Source Files</Filter>
    </ClCompile>
    <ClCompile Include="K:\Coding\FreeSynd\source\kernel\src\mgr\agentmanager.cpp">
      <Filter>Source Files</Filter>
    </ClCompile>
    <ClCompile Include="K:\Coding\FreeSynd\source\kernel\src\mgr\pedmanager.cpp">
      <Filter>Source Files</Filter>
    </ClCompile>
    <ClCompile Include="K:\Coding\FreeSynd\source\kernel\src\mgr\mapmanager.cpp">
      <Filter>Source Files</Filter>
    </ClCompile>
    <ClCompile Include="K:\Coding\FreeSynd\source\kernel\src\mgr\modmanager.cpp">
      <Filter>Source Files</Filter>
    </ClCompile>
    <ClCompile Include="K:\Coding\FreeSynd\source\kernel\src\mgr\researchmanager.cpp">
      <Filter>Source Files</Filter>
    </ClCompile>
    <ClCompile Include="K:\Coding\FreeSynd\source\kernel\src\mgr\weaponmanager.cpp">
      <Filter>Source Files</Filter>
    </ClCompile>
    <ClCompile Include="K:\Coding\FreeSynd\source\kernel\src\mgr\missionmanager.cpp">
      <Filter>Source Files</Filter>
    </ClCompile>
  </ItemGroup>
  <ItemGroup>
    <ClInclude Include="K:\Coding\FreeSynd\source\kernel\include\fs-kernel\model\mod.h">
      <Filter>fs-kernel\model</Filter>
    </ClInclude>
    <ClInclude Include="K:\Coding\FreeSynd\source\kernel\include\fs-kernel\model\modowner.h">
      <Filter>fs-kernel\model</Filter>
    </ClInclude>
    <ClInclude Include="K:\Coding\FreeSynd\source\kernel\include\fs-kernel\model\position.h">
      <Filter>fs-kernel\model</Filter>
    </ClInclude>
    <ClInclude Include="K:\Coding\FreeSynd\source\kernel\include\fs-kernel\model\path.h">
      <Filter>fs-kernel\model</Filter>
    </ClInclude>
    <ClInclude Include="K:\Coding\FreeSynd\source\kernel\include\fs-kernel\model\pathsurfaces.h">
      <Filter>fs-kernel\model</Filter>
    </ClInclude>
    <ClInclude Include="K:\Coding\FreeSynd\source\kernel\include\fs-kernel\model\leveldata.h">
      <Filter>fs-kernel\model</Filter>
    </ClInclude>
    <ClInclude Include="K:\Coding\FreeSynd\source\kernel\include\fs-kernel\model\agent.h">
      <Filter>fs-kernel\model</Filter>
    </ClInclude>
    <ClInclude Include="K:\Coding\FreeSynd\source\kernel\include\fs-kernel\model\ipastim.h">
      <Filter>fs-kernel\model</Filter>
    </ClInclude>
    <ClInclude Include="K:\Coding\FreeSynd\source\kernel\include\fs-kernel\model\mapobject.h">
      <Filter>fs-kernel\model</Filter>
    </ClInclude>
    <ClInclude Include="K:\Coding\FreeSynd\source\kernel\include\fs-kernel\model\missionbriefing.h">
      <Filter>fs-kernel\model</Filter>
    </ClInclude>
    <ClInclude Include="K:\Coding\FreeSynd\source\kernel\include\fs-kernel\model\research.h">
      <Filter>fs-kernel\model</Filter>
    </ClInclude>
    <ClInclude Include="K:\Coding\FreeSynd\source\kernel\include\fs-kernel\model\sfxobject.h">
      <Filter>fs-kernel\model</Filter>
    </ClInclude>
    <ClInclude Include="K:\Coding\FreeSynd\source\kernel\include\fs-kernel\model\shot.h">
      <Filter>fs-kernel\model</Filter>
    </ClInclude>
    <ClInclude Include="K:\Coding\FreeSynd\source\kernel\include\fs-kernel\model\static.h">
      <Filter>fs-kernel\model</Filter>
    </ClInclude>
    <ClInclude Include="K:\Coding\FreeSynd\source\kernel\include\fs-kernel\model\damage.h">
      <Filter>fs-kernel\model</Filter>
    </ClInclude>
    <ClInclude Include="K:\Coding\FreeSynd\source\kernel\include\fs-kernel\model\map.h">
      <Filter>fs-kernel\model</Filter>
    </ClInclude>
    <ClInclude Include="K:\Coding\FreeSynd\source\kernel\include\fs-kernel\model\mission.h">
      <Filter>fs-kernel\model</Filter>
    </ClInclude>
    <ClInclude Include="K:\Coding\FreeSynd\source\kernel\include\fs-kernel\model\objectivedesc.h">
      <Filter>fs-kernel\model</Filter>
    </ClInclude>
    <ClInclude Include="K:\Coding\FreeSynd\source\kernel\include\fs-kernel\model\ped.h">
      <Filter>fs-kernel\model</Filter>
    </ClInclude>
    <ClInclude Include="K:\Coding\FreeSynd\source\kernel\include\fs-kernel\model\train.h">
      <Filter>fs-kernel\model</Filter>
    </ClInclude>
    <ClInclude Include="K:\Coding\FreeSynd\source\kernel\include\fs-kernel\model\vehicle.h">
      <Filter>fs-kernel\model</Filter>
    </ClInclude>
    <ClInclude Include="K:\Coding\FreeSynd\source\kernel\include\fs-kernel\model\squad.h">
      <Filter>fs-kernel\model</Filter>
    </ClInclude>
    <ClInclude Include="K:\Coding\FreeSynd\source\kernel\include\fs-kernel\model\time.h">
      <Filter>fs-kernel\model</Filter>
    </ClInclude>
    <ClInclude Include="K:\Coding\FreeSynd\source\kernel\include\fs-kernel\model\weapon.h">
      <Filter>fs-kernel\model</Filter>
    </ClInclude>
    <ClInclude Include="K:\Coding\FreeSynd\source\kernel\include\fs-kernel\model\weaponholder.h">
      <Filter>fs-kernel\model</Filter>
    </ClInclude>
    <ClInclude Include="K:\Coding\FreeSynd\source\kernel\include\fs-kernel\ia\actions.h">
      <Filter>fs-kernel\ia</Filter>
    </ClInclude>
    <ClInclude Include="K:\Coding\FreeSynd\source\kernel\include\fs-kernel\ia\behaviour.h">
      <Filter>fs-kernel\ia</Filter>
    </ClInclude>
    <ClInclude Include="K:\Coding\FreeSynd\source\kernel\include\fs-kernel\mgr\agentmanager.h">
      <Filter>fs-kernel\mgr</Filter>
    </ClInclude>
    <ClInclude Include="K:\Coding\FreeSynd\source\kernel\include\fs-kernel\mgr\pedmanager.h">
      <Filter>fs-kernel\mgr</Filter>
    </ClInclude>
    <ClInclude Include="K:\Coding\FreeSynd\source\kernel\include\fs-kernel\mgr\mapmanager.h">
      <Filter>fs-kernel\mgr</Filter>
    </ClInclude>
    <ClInclude Include="K:\Coding\FreeSynd\source\kernel\include\fs-kernel\mgr\modmanager.h">
      <Filter>fs-kernel\mgr</Filter>
    </ClInclude>
    <ClInclude Include="K:\Coding\FreeSynd\source\kernel\include\fs-kernel\mgr\researchmanager.h">
      <Filter>fs-kernel\mgr</Filter>
    </ClInclude>
    <ClInclude Include="K:\Coding\FreeSynd\source\kernel\include\fs-kernel\mgr\weaponmanager.h">
      <Filter>fs-kernel\mgr</Filter>
    </ClInclude>
    <ClInclude Include="K:\Coding\FreeSynd\source\kernel\include\fs-kernel\mgr\missionmanager.h">
      <Filter>fs-kernel\mgr</Filter>
    </ClInclude>
  </ItemGroup>
  <ItemGroup>
    <CustomBuild Include="K:\Coding\FreeSynd\source\kernel\CMakeLists.txt" />
  </ItemGroup>
  <ItemGroup>
    <Filter Include="Source Files">
      <UniqueIdentifier>{EB46514E-2F7B-3C18-AF9F-94D9F7B9D6F9}</UniqueIdentifier>
    </Filter>
    <Filter Include="fs-kernel">
      <UniqueIdentifier>{3BE12EAD-E978-33B6-951D-96A113B6695E}</UniqueIdentifier>
    </Filter>
    <Filter Include="fs-kernel\ia">
      <UniqueIdentifier>{D3C3912C-5DC3-3434-AAFD-D083061C84DC}</UniqueIdentifier>
    </Filter>
    <Filter Include="fs-kernel\mgr">
      <UniqueIdentifier>{DDCAF0CB-918D-3F3E-A51E-1322CAD4A85F}</UniqueIdentifier>
    </Filter>
    <Filter Include="fs-kernel\model">
      <UniqueIdentifier>{6B7A01F2-4A23-3AA5-9EBC-AC4F36A9740F}</UniqueIdentifier>
    </Filter>
  </ItemGroup>
</Project>
