
Microsoft Visual Studio Solution File, Format Version 12.00
# Visual Studio Version 17
VisualStudioVersion = 17.14.37027.9
MinimumVisualStudioVersion = 10.0.40219.1
Project("{8BC9CEB8-8B4A-11D0-8D11-00A0C91BC942}") = "ALL_BUILD", "ALL_BUILD.vcxproj", "{DF9DE3DD-B693-3876-957A-051426505D3A}"
	ProjectSection(ProjectDependencies) = postProject
		{A840D9A6-F5CC-3151-BC34-8BBADD5FBB8A} = {A840D9A6-F5CC-3151-BC34-8BBADD5FBB8A}
		{00E72A85-B65C-3E6C-9590-A04EA14D3A4E} = {00E72A85-B65C-3E6C-9590-A04EA14D3A4E}
		{3284CCDF-EB85-3DC9-8706-F36A5A6D5053} = {3284CCDF-EB85-3DC9-8706-F36A5A6D5053}
		{FF27C6FE-6164-380E-A52B-100F93C3BC88} = {FF27C6FE-6164-380E-A52B-100F93C3BC88}
		{096EBBFE-60BC-3B32-BD0E-92F8A43FC98E} = {096EBBFE-60BC-3B32-BD0E-92F8A43FC98E}
		{61F71E56-A958-3701-B98B-A3CBB631BF2F} = {61F71E56-A958-3701-B98B-A3CBB631BF2F}
		{102AEFE7-8A58-3E45-AC7A-84D1CFD31A32} = {102AEFE7-8A58-3E45-AC7A-84D1CFD31A32}
		{D82A0992-6010-342D-8ADC-F6E974070727} = {D82A0992-6010-342D-8ADC-F6E974070727}
		{FEDBA022-3139-35BA-AF32-EB6FE098839B} = {FEDBA022-3139-35BA-AF32-EB6FE098839B}
	EndProjectSection
EndProject
Project("{8BC9CEB8-8B4A-11D0-8D11-00A0C91BC942}") = "ADLMIDI_static", "_deps\libadl-build\ADLMIDI_static.vcxproj", "{A840D9A6-F5CC-3151-BC34-8BBADD5FBB8A}"
	ProjectSection(ProjectDependencies) = postProject
		{3284CCDF-EB85-3DC9-8706-F36A5A6D5053} = {3284CCDF-EB85-3DC9-8706-F36A5A6D5053}
	EndProjectSection
EndProject
Project("{8BC9CEB8-8B4A-11D0-8D11-00A0C91BC942}") = "ADLMIDI_version_check", "_deps\libadl-build\ADLMIDI_version_check.vcxproj", "{00E72A85-B65C-3E6C-9590-A04EA14D3A4E}"
	ProjectSection(ProjectDependencies) = postProject
		{3284CCDF-EB85-3DC9-8706-F36A5A6D5053} = {3284CCDF-EB85-3DC9-8706-F36A5A6D5053}
	EndProjectSection
EndProject
Project("{8BC9CEB8-8B4A-11D0-8D11-00A0C91BC942}") = "INSTALL", "INSTALL.vcxproj", "{737557E2-E6AB-32D0-8ED4-FF98D402A0B5}"
	ProjectSection(ProjectDependencies) = postProject
		{DF9DE3DD-B693-3876-957A-051426505D3A} = {DF9DE3DD-B693-3876-957A-051426505D3A}
		{3284CCDF-EB85-3DC9-8706-F36A5A6D5053} = {3284CCDF-EB85-3DC9-8706-F36A5A6D5053}
	EndProjectSection
EndProject
Project("{8BC9CEB8-8B4A-11D0-8D11-00A0C91BC942}") = "ZERO_CHECK", "ZERO_CHECK.vcxproj", "{3284CCDF-EB85-3DC9-8706-F36A5A6D5053}"
EndProject
Project("{8BC9CEB8-8B4A-11D0-8D11-00A0C91BC942}") = "docs", "docs\docs.vcxproj", "{1C083F4C-3538-3A85-B6B4-9AD145F77205}"
	ProjectSection(ProjectDependencies) = postProject
		{3284CCDF-EB85-3DC9-8706-F36A5A6D5053} = {3284CCDF-EB85-3DC9-8706-F36A5A6D5053}
	EndProjectSection
EndProject
Project("{8BC9CEB8-8B4A-11D0-8D11-00A0C91BC942}") = "freesynd", "game\freesynd.vcxproj", "{FF27C6FE-6164-380E-A52B-100F93C3BC88}"
	ProjectSection(ProjectDependencies) = postProject
		{A840D9A6-F5CC-3151-BC34-8BBADD5FBB8A} = {A840D9A6-F5CC-3151-BC34-8BBADD5FBB8A}
		{3284CCDF-EB85-3DC9-8706-F36A5A6D5053} = {3284CCDF-EB85-3DC9-8706-F36A5A6D5053}
		{096EBBFE-60BC-3B32-BD0E-92F8A43FC98E} = {096EBBFE-60BC-3B32-BD0E-92F8A43FC98E}
		{61F71E56-A958-3701-B98B-A3CBB631BF2F} = {61F71E56-A958-3701-B98B-A3CBB631BF2F}
		{102AEFE7-8A58-3E45-AC7A-84D1CFD31A32} = {102AEFE7-8A58-3E45-AC7A-84D1CFD31A32}
		{D82A0992-6010-342D-8ADC-F6E974070727} = {D82A0992-6010-342D-8ADC-F6E974070727}
		{FEDBA022-3139-35BA-AF32-EB6FE098839B} = {FEDBA022-3139-35BA-AF32-EB6FE098839B}
	EndProjectSection
EndProject
Project("{8BC9CEB8-8B4A-11D0-8D11-00A0C91BC942}") = "fs_engine", "engine\fs_engine.vcxproj", "{096EBBFE-60BC-3B32-BD0E-92F8A43FC98E}"
	ProjectSection(ProjectDependencies) = postProject
		{A840D9A6-F5CC-3151-BC34-8BBADD5FBB8A} = {A840D9A6-F5CC-3151-BC34-8BBADD5FBB8A}
		{3284CCDF-EB85-3DC9-8706-F36A5A6D5053} = {3284CCDF-EB85-3DC9-8706-F36A5A6D5053}
		{61F71E56-A958-3701-B98B-A3CBB631BF2F} = {61F71E56-A958-3701-B98B-A3CBB631BF2F}
		{102AEFE7-8A58-3E45-AC7A-84D1CFD31A32} = {102AEFE7-8A58-3E45-AC7A-84D1CFD31A32}
		{FEDBA022-3139-35BA-AF32-EB6FE098839B} = {FEDBA022-3139-35BA-AF32-EB6FE098839B}
	EndProjectSection
EndProject
Project("{8BC9CEB8-8B4A-11D0-8D11-00A0C91BC942}") = "fs_engine_sdl", "engine\fs_engine_sdl.vcxproj", "{61F71E56-A958-3701-B98B-A3CBB631BF2F}"
	ProjectSection(ProjectDependencies) = postProject
		{A840D9A6-F5CC-3151-BC34-8BBADD5FBB8A} = {A840D9A6-F5CC-3151-BC34-8BBADD5FBB8A}
		{3284CCDF-EB85-3DC9-8706-F36A5A6D5053} = {3284CCDF-EB85-3DC9-8706-F36A5A6D5053}
		{102AEFE7-8A58-3E45-AC7A-84D1CFD31A32} = {102AEFE7-8A58-3E45-AC7A-84D1CFD31A32}
		{FEDBA022-3139-35BA-AF32-EB6FE098839B} = {FEDBA022-3139-35BA-AF32-EB6FE098839B}
	EndProjectSection
EndProject
Project("{8BC9CEB8-8B4A-11D0-8D11-00A0C91BC942}") = "fs_engine_sdlmixer", "engine\fs_engine_sdlmixer.vcxproj", "{102AEFE7-8A58-3E45-AC7A-84D1CFD31A32}"
	ProjectSection(ProjectDependencies) = postProject
		{A840D9A6-F5CC-3151-BC34-8BBADD5FBB8A} = {A840D9A6-F5CC-3151-BC34-8BBADD5FBB8A}
		{3284CCDF-EB85-3DC9-8706-F36A5A6D5053} = {3284CCDF-EB85-3DC9-8706-F36A5A6D5053}
		{FEDBA022-3139-35BA-AF32-EB6FE098839B} = {FEDBA022-3139-35BA-AF32-EB6FE098839B}
	EndProjectSection
EndProject
Project("{8BC9CEB8-8B4A-11D0-8D11-00A0C91BC942}") = "fs_kernel", "kernel\fs_kernel.vcxproj", "{D82A0992-6010-342D-8ADC-F6E974070727}"
	ProjectSection(ProjectDependencies) = postProject
		{A840D9A6-F5CC-3151-BC34-8BBADD5FBB8A} = {A840D9A6-F5CC-3151-BC34-8BBADD5FBB8A}
		{3284CCDF-EB85-3DC9-8706-F36A5A6D5053} = {3284CCDF-EB85-3DC9-8706-F36A5A6D5053}
		{096EBBFE-60BC-3B32-BD0E-92F8A43FC98E} = {096EBBFE-60BC-3B32-BD0E-92F8A43FC98E}
		{61F71E56-A958-3701-B98B-A3CBB631BF2F} = {61F71E56-A958-3701-B98B-A3CBB631BF2F}
		{102AEFE7-8A58-3E45-AC7A-84D1CFD31A32} = {102AEFE7-8A58-3E45-AC7A-84D1CFD31A32}
		{FEDBA022-3139-35BA-AF32-EB6FE098839B} = {FEDBA022-3139-35BA-AF32-EB6FE098839B}
	EndProjectSection
EndProject
Project("{8BC9CEB8-8B4A-11D0-8D11-00A0C91BC942}") = "fs_utils", "utils\fs_utils.vcxproj", "{FEDBA022-3139-35BA-AF32-EB6FE098839B}"
	ProjectSection(ProjectDependencies) = postProject
		{3284CCDF-EB85-3DC9-8706-F36A5A6D5053} = {3284CCDF-EB85-3DC9-8706-F36A5A6D5053}
	EndProjectSection
EndProject
Global
	GlobalSection(SolutionConfigurationPlatforms) = preSolution
		Debug|x64 = Debug|x64
		Debug|x86 = Debug|x86
		MinSizeRel|x64 = MinSizeRel|x64
		MinSizeRel|x86 = MinSizeRel|x86
		Release|x64 = Release|x64
		Release|x86 = Release|x86
		RelWithDebInfo|x64 = RelWithDebInfo|x64
		RelWithDebInfo|x86 = RelWithDebInfo|x86
	EndGlobalSection
	GlobalSection(ProjectConfigurationPlatforms) = postSolution
		{DF9DE3DD-B693-3876-957A-051426505D3A}.Debug|x64.ActiveCfg = Debug|x64
		{DF9DE3DD-B693-3876-957A-051426505D3A}.Debug|x64.Build.0 = Debug|x64
		{DF9DE3DD-B693-3876-957A-051426505D3A}.Debug|x86.ActiveCfg = Debug|Win32
		{DF9DE3DD-B693-3876-957A-051426505D3A}.Debug|x86.Build.0 = Debug|Win32
		{DF9DE3DD-B693-3876-957A-051426505D3A}.MinSizeRel|x64.ActiveCfg = MinSizeRel|x64
		{DF9DE3DD-B693-3876-957A-051426505D3A}.MinSizeRel|x64.Build.0 = MinSizeRel|x64
		{DF9DE3DD-B693-3876-957A-051426505D3A}.MinSizeRel|x86.ActiveCfg = MinSizeRel|Win32
		{DF9DE3DD-B693-3876-957A-051426505D3A}.MinSizeRel|x86.Build.0 = MinSizeRel|Win32
		{DF9DE3DD-B693-3876-957A-051426505D3A}.Release|x64.ActiveCfg = Release|x64
		{DF9DE3DD-B693-3876-957A-051426505D3A}.Release|x64.Build.0 = Release|x64
		{DF9DE3DD-B693-3876-957A-051426505D3A}.Release|x86.ActiveCfg = Release|Win32
		{DF9DE3DD-B693-3876-957A-051426505D3A}.Release|x86.Build.0 = Release|Win32
		{DF9DE3DD-B693-3876-957A-051426505D3A}.RelWithDebInfo|x64.ActiveCfg = RelWithDebInfo|x64
		{DF9DE3DD-B693-3876-957A-051426505D3A}.RelWithDebInfo|x64.Build.0 = RelWithDebInfo|x64
		{DF9DE3DD-B693-3876-957A-051426505D3A}.RelWithDebInfo|x86.ActiveCfg = RelWithDebInfo|Win32
		{DF9DE3DD-B693-3876-957A-051426505D3A}.RelWithDebInfo|x86.Build.0 = RelWithDebInfo|Win32
		{A840D9A6-F5CC-3151-BC34-8BBADD5FBB8A}.Debug|x64.ActiveCfg = Debug|x64
		{A840D9A6-F5CC-3151-BC34-8BBADD5FBB8A}.Debug|x64.Build.0 = Debug|x64
		{A840D9A6-F5CC-3151-BC34-8BBADD5FBB8A}.Debug|x86.ActiveCfg = Debug|Win32
		{A840D9A6-F5CC-3151-BC34-8BBADD5FBB8A}.Debug|x86.Build.0 = Debug|Win32
		{A840D9A6-F5CC-3151-BC34-8BBADD5FBB8A}.MinSizeRel|x64.ActiveCfg = MinSizeRel|x64
		{A840D9A6-F5CC-3151-BC34-8BBADD5FBB8A}.MinSizeRel|x64.Build.0 = MinSizeRel|x64
		{A840D9A6-F5CC-3151-BC34-8BBADD5FBB8A}.MinSizeRel|x86.ActiveCfg = MinSizeRel|Win32
		{A840D9A6-F5CC-3151-BC34-8BBADD5FBB8A}.MinSizeRel|x86.Build.0 = MinSizeRel|Win32
		{A840D9A6-F5CC-3151-BC34-8BBADD5FBB8A}.Release|x64.ActiveCfg = Release|x64
		{A840D9A6-F5CC-3151-BC34-8BBADD5FBB8A}.Release|x64.Build.0 = Release|x64
		{A840D9A6-F5CC-3151-BC34-8BBADD5FBB8A}.Release|x86.ActiveCfg = Release|Win32
		{A840D9A6-F5CC-3151-BC34-8BBADD5FBB8A}.Release|x86.Build.0 = Release|Win32
		{A840D9A6-F5CC-3151-BC34-8BBADD5FBB8A}.RelWithDebInfo|x64.ActiveCfg = RelWithDebInfo|x64
		{A840D9A6-F5CC-3151-BC34-8BBADD5FBB8A}.RelWithDebInfo|x64.Build.0 = RelWithDebInfo|x64
		{A840D9A6-F5CC-3151-BC34-8BBADD5FBB8A}.RelWithDebInfo|x86.ActiveCfg = RelWithDebInfo|Win32
		{A840D9A6-F5CC-3151-BC34-8BBADD5FBB8A}.RelWithDebInfo|x86.Build.0 = RelWithDebInfo|Win32
		{00E72A85-B65C-3E6C-9590-A04EA14D3A4E}.Debug|x64.ActiveCfg = Debug|x64
		{00E72A85-B65C-3E6C-9590-A04EA14D3A4E}.Debug|x64.Build.0 = Debug|x64
		{00E72A85-B65C-3E6C-9590-A04EA14D3A4E}.Debug|x86.ActiveCfg = Debug|Win32
		{00E72A85-B65C-3E6C-9590-A04EA14D3A4E}.Debug|x86.Build.0 = Debug|Win32
		{00E72A85-B65C-3E6C-9590-A04EA14D3A4E}.MinSizeRel|x64.ActiveCfg = MinSizeRel|x64
		{00E72A85-B65C-3E6C-9590-A04EA14D3A4E}.MinSizeRel|x64.Build.0 = MinSizeRel|x64
		{00E72A85-B65C-3E6C-9590-A04EA14D3A4E}.MinSizeRel|x86.ActiveCfg = MinSizeRel|Win32
		{00E72A85-B65C-3E6C-9590-A04EA14D3A4E}.MinSizeRel|x86.Build.0 = MinSizeRel|Win32
		{00E72A85-B65C-3E6C-9590-A04EA14D3A4E}.Release|x64.ActiveCfg = Release|x64
		{00E72A85-B65C-3E6C-9590-A04EA14D3A4E}.Release|x64.Build.0 = Release|x64
		{00E72A85-B65C-3E6C-9590-A04EA14D3A4E}.Release|x86.ActiveCfg = Release|Win32
		{00E72A85-B65C-3E6C-9590-A04EA14D3A4E}.Release|x86.Build.0 = Release|Win32
		{00E72A85-B65C-3E6C-9590-A04EA14D3A4E}.RelWithDebInfo|x64.ActiveCfg = RelWithDebInfo|x64
		{00E72A85-B65C-3E6C-9590-A04EA14D3A4E}.RelWithDebInfo|x64.Build.0 = RelWithDebInfo|x64
		{00E72A85-B65C-3E6C-9590-A04EA14D3A4E}.RelWithDebInfo|x86.ActiveCfg = RelWithDebInfo|Win32
		{00E72A85-B65C-3E6C-9590-A04EA14D3A4E}.RelWithDebInfo|x86.Build.0 = RelWithDebInfo|Win32
		{737557E2-E6AB-32D0-8ED4-FF98D402A0B5}.Debug|x64.ActiveCfg = Debug|x64
		{737557E2-E6AB-32D0-8ED4-FF98D402A0B5}.Debug|x86.ActiveCfg = Debug|Win32
		{737557E2-E6AB-32D0-8ED4-FF98D402A0B5}.Debug|x86.Build.0 = Debug|Win32
		{737557E2-E6AB-32D0-8ED4-FF98D402A0B5}.MinSizeRel|x64.ActiveCfg = MinSizeRel|x64
		{737557E2-E6AB-32D0-8ED4-FF98D402A0B5}.MinSizeRel|x86.ActiveCfg = MinSizeRel|Win32
		{737557E2-E6AB-32D0-8ED4-FF98D402A0B5}.MinSizeRel|x86.Build.0 = MinSizeRel|Win32
		{737557E2-E6AB-32D0-8ED4-FF98D402A0B5}.Release|x64.ActiveCfg = Release|x64
		{737557E2-E6AB-32D0-8ED4-FF98D402A0B5}.Release|x86.ActiveCfg = Release|Win32
		{737557E2-E6AB-32D0-8ED4-FF98D402A0B5}.RelWithDebInfo|x64.ActiveCfg = RelWithDebInfo|x64
		{737557E2-E6AB-32D0-8ED4-FF98D402A0B5}.RelWithDebInfo|x86.ActiveCfg = RelWithDebInfo|Win32
		{737557E2-E6AB-32D0-8ED4-FF98D402A0B5}.RelWithDebInfo|x86.Build.0 = RelWithDebInfo|Win32
		{3284CCDF-EB85-3DC9-8706-F36A5A6D5053}.Debug|x64.ActiveCfg = Debug|x64
		{3284CCDF-EB85-3DC9-8706-F36A5A6D5053}.Debug|x64.Build.0 = Debug|x64
		{3284CCDF-EB85-3DC9-8706-F36A5A6D5053}.Debug|x86.ActiveCfg = Debug|Win32
		{3284CCDF-EB85-3DC9-8706-F36A5A6D5053}.Debug|x86.Build.0 = Debug|Win32
		{3284CCDF-EB85-3DC9-8706-F36A5A6D5053}.MinSizeRel|x64.ActiveCfg = MinSizeRel|x64
		{3284CCDF-EB85-3DC9-8706-F36A5A6D5053}.MinSizeRel|x64.Build.0 = MinSizeRel|x64
		{3284CCDF-EB85-3DC9-8706-F36A5A6D5053}.MinSizeRel|x86.ActiveCfg = MinSizeRel|Win32
		{3284CCDF-EB85-3DC9-8706-F36A5A6D5053}.MinSizeRel|x86.Build.0 = MinSizeRel|Win32
		{3284CCDF-EB85-3DC9-8706-F36A5A6D5053}.Release|x64.ActiveCfg = Release|x64
		{3284CCDF-EB85-3DC9-8706-F36A5A6D5053}.Release|x64.Build.0 = Release|x64
		{3284CCDF-EB85-3DC9-8706-F36A5A6D5053}.Release|x86.ActiveCfg = Release|Win32
		{3284CCDF-EB85-3DC9-8706-F36A5A6D5053}.Release|x86.Build.0 = Release|Win32
		{3284CCDF-EB85-3DC9-8706-F36A5A6D5053}.RelWithDebInfo|x64.ActiveCfg = RelWithDebInfo|x64
		{3284CCDF-EB85-3DC9-8706-F36A5A6D5053}.RelWithDebInfo|x64.Build.0 = RelWithDebInfo|x64
		{3284CCDF-EB85-3DC9-8706-F36A5A6D5053}.RelWithDebInfo|x86.ActiveCfg = RelWithDebInfo|Win32
		{3284CCDF-EB85-3DC9-8706-F36A5A6D5053}.RelWithDebInfo|x86.Build.0 = RelWithDebInfo|Win32
		{1C083F4C-3538-3A85-B6B4-9AD145F77205}.Debug|x64.ActiveCfg = Debug|x64
		{1C083F4C-3538-3A85-B6B4-9AD145F77205}.Debug|x86.ActiveCfg = Debug|Win32
		{1C083F4C-3538-3A85-B6B4-9AD145F77205}.Debug|x86.Build.0 = Debug|Win32
		{1C083F4C-3538-3A85-B6B4-9AD145F77205}.MinSizeRel|x64.ActiveCfg = MinSizeRel|x64
		{1C083F4C-3538-3A85-B6B4-9AD145F77205}.MinSizeRel|x86.ActiveCfg = MinSizeRel|Win32
		{1C083F4C-3538-3A85-B6B4-9AD145F77205}.MinSizeRel|x86.Build.0 = MinSizeRel|Win32
		{1C083F4C-3538-3A85-B6B4-9AD145F77205}.Release|x64.ActiveCfg = Release|x64
		{1C083F4C-3538-3A85-B6B4-9AD145F77205}.Release|x86.ActiveCfg = Release|Win32
		{1C083F4C-3538-3A85-B6B4-9AD145F77205}.RelWithDebInfo|x64.ActiveCfg = RelWithDebInfo|x64
		{1C083F4C-3538-3A85-B6B4-9AD145F77205}.RelWithDebInfo|x86.ActiveCfg = RelWithDebInfo|Win32
		{1C083F4C-3538-3A85-B6B4-9AD145F77205}.RelWithDebInfo|x86.Build.0 = RelWithDebInfo|Win32
		{FF27C6FE-6164-380E-A52B-100F93C3BC88}.Debug|x64.ActiveCfg = Debug|x64
		{FF27C6FE-6164-380E-A52B-100F93C3BC88}.Debug|x64.Build.0 = Debug|x64
		{FF27C6FE-6164-380E-A52B-100F93C3BC88}.Debug|x86.ActiveCfg = Debug|Win32
		{FF27C6FE-6164-380E-A52B-100F93C3BC88}.Debug|x86.Build.0 = Debug|Win32
		{FF27C6FE-6164-380E-A52B-100F93C3BC88}.MinSizeRel|x64.ActiveCfg = MinSizeRel|x64
		{FF27C6FE-6164-380E-A52B-100F93C3BC88}.MinSizeRel|x64.Build.0 = MinSizeRel|x64
		{FF27C6FE-6164-380E-A52B-100F93C3BC88}.MinSizeRel|x86.ActiveCfg = MinSizeRel|Win32
		{FF27C6FE-6164-380E-A52B-100F93C3BC88}.MinSizeRel|x86.Build.0 = MinSizeRel|Win32
		{FF27C6FE-6164-380E-A52B-100F93C3BC88}.Release|x64.ActiveCfg = Release|x64
		{FF27C6FE-6164-380E-A52B-100F93C3BC88}.Release|x64.Build.0 = Release|x64
		{FF27C6FE-6164-380E-A52B-100F93C3BC88}.Release|x86.ActiveCfg = Release|Win32
		{FF27C6FE-6164-380E-A52B-100F93C3BC88}.Release|x86.Build.0 = Release|Win32
		{FF27C6FE-6164-380E-A52B-100F93C3BC88}.RelWithDebInfo|x64.ActiveCfg = RelWithDebInfo|x64
		{FF27C6FE-6164-380E-A52B-100F93C3BC88}.RelWithDebInfo|x64.Build.0 = RelWithDebInfo|x64
		{FF27C6FE-6164-380E-A52B-100F93C3BC88}.RelWithDebInfo|x86.ActiveCfg = RelWithDebInfo|Win32
		{FF27C6FE-6164-380E-A52B-100F93C3BC88}.RelWithDebInfo|x86.Build.0 = RelWithDebInfo|Win32
		{096EBBFE-60BC-3B32-BD0E-92F8A43FC98E}.Debug|x64.ActiveCfg = Debug|x64
		{096EBBFE-60BC-3B32-BD0E-92F8A43FC98E}.Debug|x64.Build.0 = Debug|x64
		{096EBBFE-60BC-3B32-BD0E-92F8A43FC98E}.Debug|x86.ActiveCfg = Debug|Win32
		{096EBBFE-60BC-3B32-BD0E-92F8A43FC98E}.Debug|x86.Build.0 = Debug|Win32
		{096EBBFE-60BC-3B32-BD0E-92F8A43FC98E}.MinSizeRel|x64.ActiveCfg = MinSizeRel|x64
		{096EBBFE-60BC-3B32-BD0E-92F8A43FC98E}.MinSizeRel|x64.Build.0 = MinSizeRel|x64
		{096EBBFE-60BC-3B32-BD0E-92F8A43FC98E}.MinSizeRel|x86.ActiveCfg = MinSizeRel|Win32
		{096EBBFE-60BC-3B32-BD0E-92F8A43FC98E}.MinSizeRel|x86.Build.0 = MinSizeRel|Win32
		{096EBBFE-60BC-3B32-BD0E-92F8A43FC98E}.Release|x64.ActiveCfg = Release|x64
		{096EBBFE-60BC-3B32-BD0E-92F8A43FC98E}.Release|x64.Build.0 = Release|x64
		{096EBBFE-60BC-3B32-BD0E-92F8A43FC98E}.Release|x86.ActiveCfg = Release|Win32
		{096EBBFE-60BC-3B32-BD0E-92F8A43FC98E}.Release|x86.Build.0 = Release|Win32
		{096EBBFE-60BC-3B32-BD0E-92F8A43FC98E}.RelWithDebInfo|x64.ActiveCfg = RelWithDebInfo|x64
		{096EBBFE-60BC-3B32-BD0E-92F8A43FC98E}.RelWithDebInfo|x64.Build.0 = RelWithDebInfo|x64
		{096EBBFE-60BC-3B32-BD0E-92F8A43FC98E}.RelWithDebInfo|x86.ActiveCfg = RelWithDebInfo|Win32
		{096EBBFE-60BC-3B32-BD0E-92F8A43FC98E}.RelWithDebInfo|x86.Build.0 = RelWithDebInfo|Win32
		{61F71E56-A958-3701-B98B-A3CBB631BF2F}.Debug|x64.ActiveCfg = Debug|x64
		{61F71E56-A958-3701-B98B-A3CBB631BF2F}.Debug|x64.Build.0 = Debug|x64
		{61F71E56-A958-3701-B98B-A3CBB631BF2F}.Debug|x86.ActiveCfg = Debug|Win32
		{61F71E56-A958-3701-B98B-A3CBB631BF2F}.Debug|x86.Build.0 = Debug|Win32
		{61F71E56-A958-3701-B98B-A3CBB631BF2F}.MinSizeRel|x64.ActiveCfg = MinSizeRel|x64
		{61F71E56-A958-3701-B98B-A3CBB631BF2F}.MinSizeRel|x64.Build.0 = MinSizeRel|x64
		{61F71E56-A958-3701-B98B-A3CBB631BF2F}.MinSizeRel|x86.ActiveCfg = MinSizeRel|Win32
		{61F71E56-A958-3701-B98B-A3CBB631BF2F}.MinSizeRel|x86.Build.0 = MinSizeRel|Win32
		{61F71E56-A958-3701-B98B-A3CBB631BF2F}.Release|x64.ActiveCfg = Release|x64
		{61F71E56-A958-3701-B98B-A3CBB631BF2F}.Release|x64.Build.0 = Release|x64
		{61F71E56-A958-3701-B98B-A3CBB631BF2F}.Release|x86.ActiveCfg = Release|Win32
		{61F71E56-A958-3701-B98B-A3CBB631BF2F}.Release|x86.Build.0 = Release|Win32
		{61F71E56-A958-3701-B98B-A3CBB631BF2F}.RelWithDebInfo|x64.ActiveCfg = RelWithDebInfo|x64
		{61F71E56-A958-3701-B98B-A3CBB631BF2F}.RelWithDebInfo|x64.Build.0 = RelWithDebInfo|x64
		{61F71E56-A958-3701-B98B-A3CBB631BF2F}.RelWithDebInfo|x86.ActiveCfg = RelWithDebInfo|Win32
		{61F71E56-A958-3701-B98B-A3CBB631BF2F}.RelWithDebInfo|x86.Build.0 = RelWithDebInfo|Win32
		{102AEFE7-8A58-3E45-AC7A-84D1CFD31A32}.Debug|x64.ActiveCfg = Debug|x64
		{102AEFE7-8A58-3E45-AC7A-84D1CFD31A32}.Debug|x64.Build.0 = Debug|x64
		{102AEFE7-8A58-3E45-AC7A-84D1CFD31A32}.Debug|x86.ActiveCfg = Debug|Win32
		{102AEFE7-8A58-3E45-AC7A-84D1CFD31A32}.Debug|x86.Build.0 = Debug|Win32
		{102AEFE7-8A58-3E45-AC7A-84D1CFD31A32}.MinSizeRel|x64.ActiveCfg = MinSizeRel|x64
		{102AEFE7-8A58-3E45-AC7A-84D1CFD31A32}.MinSizeRel|x64.Build.0 = MinSizeRel|x64
		{102AEFE7-8A58-3E45-AC7A-84D1CFD31A32}.MinSizeRel|x86.ActiveCfg = MinSizeRel|Win32
		{102AEFE7-8A58-3E45-AC7A-84D1CFD31A32}.MinSizeRel|x86.Build.0 = MinSizeRel|Win32
		{102AEFE7-8A58-3E45-AC7A-84D1CFD31A32}.Release|x64.ActiveCfg = Release|x64
		{102AEFE7-8A58-3E45-AC7A-84D1CFD31A32}.Release|x64.Build.0 = Release|x64
		{102AEFE7-8A58-3E45-AC7A-84D1CFD31A32}.Release|x86.ActiveCfg = Release|Win32
		{102AEFE7-8A58-3E45-AC7A-84D1CFD31A32}.Release|x86.Build.0 = Release|Win32
		{102AEFE7-8A58-3E45-AC7A-84D1CFD31A32}.RelWithDebInfo|x64.ActiveCfg = RelWithDebInfo|x64
		{102AEFE7-8A58-3E45-AC7A-84D1CFD31A32}.RelWithDebInfo|x64.Build.0 = RelWithDebInfo|x64
		{102AEFE7-8A58-3E45-AC7A-84D1CFD31A32}.RelWithDebInfo|x86.ActiveCfg = RelWithDebInfo|Win32
		{102AEFE7-8A58-3E45-AC7A-84D1CFD31A32}.RelWithDebInfo|x86.Build.0 = RelWithDebInfo|Win32
		{D82A0992-6010-342D-8ADC-F6E974070727}.Debug|x64.ActiveCfg = Debug|x64
		{D82A0992-6010-342D-8ADC-F6E974070727}.Debug|x64.Build.0 = Debug|x64
		{D82A0992-6010-342D-8ADC-F6E974070727}.Debug|x86.ActiveCfg = Debug|Win32
		{D82A0992-6010-342D-8ADC-F6E974070727}.Debug|x86.Build.0 = Debug|Win32
		{D82A0992-6010-342D-8ADC-F6E974070727}.MinSizeRel|x64.ActiveCfg = MinSizeRel|x64
		{D82A0992-6010-342D-8ADC-F6E974070727}.MinSizeRel|x64.Build.0 = MinSizeRel|x64
		{D82A0992-6010-342D-8ADC-F6E974070727}.MinSizeRel|x86.ActiveCfg = MinSizeRel|Win32
		{D82A0992-6010-342D-8ADC-F6E974070727}.MinSizeRel|x86.Build.0 = MinSizeRel|Win32
		{D82A0992-6010-342D-8ADC-F6E974070727}.Release|x64.ActiveCfg = Release|x64
		{D82A0992-6010-342D-8ADC-F6E974070727}.Release|x64.Build.0 = Release|x64
		{D82A0992-6010-342D-8ADC-F6E974070727}.Release|x86.ActiveCfg = Release|Win32
		{D82A0992-6010-342D-8ADC-F6E974070727}.Release|x86.Build.0 = Release|Win32
		{D82A0992-6010-342D-8ADC-F6E974070727}.RelWithDebInfo|x64.ActiveCfg = RelWithDebInfo|x64
		{D82A0992-6010-342D-8ADC-F6E974070727}.RelWithDebInfo|x64.Build.0 = RelWithDebInfo|x64
		{D82A0992-6010-342D-8ADC-F6E974070727}.RelWithDebInfo|x86.ActiveCfg = RelWithDebInfo|Win32
		{D82A0992-6010-342D-8ADC-F6E974070727}.RelWithDebInfo|x86.Build.0 = RelWithDebInfo|Win32
		{FEDBA022-3139-35BA-AF32-EB6FE098839B}.Debug|x64.ActiveCfg = Debug|x64
		{FEDBA022-3139-35BA-AF32-EB6FE098839B}.Debug|x64.Build.0 = Debug|x64
		{FEDBA022-3139-35BA-AF32-EB6FE098839B}.Debug|x86.ActiveCfg = Debug|Win32
		{FEDBA022-3139-35BA-AF32-EB6FE098839B}.Debug|x86.Build.0 = Debug|Win32
		{FEDBA022-3139-35BA-AF32-EB6FE098839B}.MinSizeRel|x64.ActiveCfg = MinSizeRel|x64
		{FEDBA022-3139-35BA-AF32-EB6FE098839B}.MinSizeRel|x64.Build.0 = MinSizeRel|x64
		{FEDBA022-3139-35BA-AF32-EB6FE098839B}.MinSizeRel|x86.ActiveCfg = MinSizeRel|Win32
		{FEDBA022-3139-35BA-AF32-EB6FE098839B}.MinSizeRel|x86.Build.0 = MinSizeRel|Win32
		{FEDBA022-3139-35BA-AF32-EB6FE098839B}.Release|x64.ActiveCfg = Release|x64
		{FEDBA022-3139-35BA-AF32-EB6FE098839B}.Release|x64.Build.0 = Release|x64
		{FEDBA022-3139-35BA-AF32-EB6FE098839B}.Release|x86.ActiveCfg = Release|Win32
		{FEDBA022-3139-35BA-AF32-EB6FE098839B}.Release|x86.Build.0 = Release|Win32
		{FEDBA022-3139-35BA-AF32-EB6FE098839B}.RelWithDebInfo|x64.ActiveCfg = RelWithDebInfo|x64
		{FEDBA022-3139-35BA-AF32-EB6FE098839B}.RelWithDebInfo|x64.Build.0 = RelWithDebInfo|x64
		{FEDBA022-3139-35BA-AF32-EB6FE098839B}.RelWithDebInfo|x86.ActiveCfg = RelWithDebInfo|Win32
		{FEDBA022-3139-35BA-AF32-EB6FE098839B}.RelWithDebInfo|x86.Build.0 = RelWithDebInfo|Win32
	EndGlobalSection
	GlobalSection(SolutionProperties) = preSolution
		HideSolutionNode = FALSE
	EndGlobalSection
	GlobalSection(ExtensibilityGlobals) = postSolution
		SolutionGuid = {AA0EB838-2C17-36F7-8BD6-6C164A9E19DA}
	EndGlobalSection
EndGlobal
